PODS:
  - Alamofire (5.9.1)
  - FlexLayout (2.0.07)
  - PinLayout (1.10.5)
  - RxAlamofire (6.1.1):
    - RxAlamofire/Core (= 6.1.1)
  - RxAlamofire/Core (6.1.1):
    - Alamofire (~> 5.4)
    - RxSwift (~> 6.0)
  - RxSwift (6.7.0)

DEPENDENCIES:
  - FlexLayout
  - PinLayout
  - RxAlamofire

SPEC REPOS:
  trunk:
    - Alamofire
    - FlexLayout
    - PinLayout
    - RxAlamofire
    - RxSwift

SPEC CHECKSUMS:
  Alamofire: f36a35757af4587d8e4f4bfa223ad10be2422b8c
  FlexLayout: a1facfeac0e0b397a74cfb1d83d1ba93b98f7c52
  PinLayout: f6c2b63a5a5b24864064e1d15c67de41b4e74748
  RxAlamofire: beb75a1c452d0de225651db4903f5d29d034a620
  RxSwift: 6ee35684dc3f7a63938758f4b7708199517dfa97

PODFILE CHECKSUM: 161321ba2374341264491e173f77ce4285397f19

COCOAPODS: 1.15.2
