// !$*UTF8*$!
{
	archiveVersion = 1;
	classes = {
	};
	objectVersion = 56;
	objects = {

/* Begin PBXBuildFile section */
		60AEEE46A4DEF87882399D1D /* Pods_mortipedia.framework in Frameworks */ = {isa = PBXBuildFile; fileRef = E362C9195D62C087DFD9A2F0 /* Pods_mortipedia.framework */; };
		783C9AD72BC136BE007A4E65 /* AppDelegate.swift in Sources */ = {isa = PBXBuildFile; fileRef = 783C9AD62BC136BE007A4E65 /* AppDelegate.swift */; };
		783C9AD92BC136BE007A4E65 /* SceneDelegate.swift in Sources */ = {isa = PBXBuildFile; fileRef = 783C9AD82BC136BE007A4E65 /* SceneDelegate.swift */; };
		783C9ADB2BC136BE007A4E65 /* BottomTabVC.swift in Sources */ = {isa = PBXBuildFile; fileRef = 783C9ADA2BC136BE007A4E65 /* BottomTabVC.swift */; };
		783C9AE02BC136BE007A4E65 /* Assets.xcassets in Resources */ = {isa = PBXBuildFile; fileRef = 783C9ADF2BC136BE007A4E65 /* Assets.xcassets */; };
		783C9AE32BC136BE007A4E65 /* Base in Resources */ = {isa = PBXBuildFile; fileRef = 783C9AE22BC136BE007A4E65 /* Base */; };
		784127CF2BE636D700DDC6FB /* EmptyResultView.swift in Sources */ = {isa = PBXBuildFile; fileRef = 784127CE2BE636D700DDC6FB /* EmptyResultView.swift */; };
		784127D12BE6558900DDC6FB /* CharacterDetailVC.swift in Sources */ = {isa = PBXBuildFile; fileRef = 784127D02BE6558900DDC6FB /* CharacterDetailVC.swift */; };
		7876F23D2BC4516700677619 /* CharactersVC.swift in Sources */ = {isa = PBXBuildFile; fileRef = 7876F23C2BC4516700677619 /* CharactersVC.swift */; };
		7876F2402BC4518800677619 /* EpisodesVC.swift in Sources */ = {isa = PBXBuildFile; fileRef = 7876F23F2BC4518800677619 /* EpisodesVC.swift */; };
		7876F2432BC451A100677619 /* SettingsVC.swift in Sources */ = {isa = PBXBuildFile; fileRef = 7876F2422BC451A100677619 /* SettingsVC.swift */; };
		788D91022BD93BC400342B89 /* Profile.swift in Sources */ = {isa = PBXBuildFile; fileRef = 788D91012BD93BC400342B89 /* Profile.swift */; };
		788D91042BD942B500342B89 /* CharacterHeader.swift in Sources */ = {isa = PBXBuildFile; fileRef = 788D91032BD942B500342B89 /* CharacterHeader.swift */; };
		788D91072BD957A000342B89 /* MortyLabel.swift in Sources */ = {isa = PBXBuildFile; fileRef = 788D91062BD957A000342B89 /* MortyLabel.swift */; };
		788DD0422BC2EACA00091D7E /* Character.swift in Sources */ = {isa = PBXBuildFile; fileRef = 788DD0412BC2EACA00091D7E /* Character.swift */; };
		788DD0442BC2EB5E00091D7E /* CharaterVM.swift in Sources */ = {isa = PBXBuildFile; fileRef = 788DD0432BC2EB5E00091D7E /* CharaterVM.swift */; };
		788DD0462BC2EB6D00091D7E /* NetworkService.swift in Sources */ = {isa = PBXBuildFile; fileRef = 788DD0452BC2EB6D00091D7E /* NetworkService.swift */; };
		788FFD722BE0097F002C9215 /* UIHelper.swift in Sources */ = {isa = PBXBuildFile; fileRef = 788FFD712BE0097F002C9215 /* UIHelper.swift */; };
		788FFD742BE0105F002C9215 /* CharacterCell.swift in Sources */ = {isa = PBXBuildFile; fileRef = 788FFD732BE0105F002C9215 /* CharacterCell.swift */; };
		78C151082C158CB20095A015 /* EpisodesTableViewCell.swift in Sources */ = {isa = PBXBuildFile; fileRef = 78C151072C158CB20095A015 /* EpisodesTableViewCell.swift */; };
		78C2BD722BD51B1500042E38 /* Colors.swift in Sources */ = {isa = PBXBuildFile; fileRef = 78C2BD712BD51B1500042E38 /* Colors.swift */; };
		78C2BD742BD5222B00042E38 /* Theme.swift in Sources */ = {isa = PBXBuildFile; fileRef = 78C2BD732BD5222B00042E38 /* Theme.swift */; };
		78C2BD762BD5228700042E38 /* Constants.swift in Sources */ = {isa = PBXBuildFile; fileRef = 78C2BD752BD5228700042E38 /* Constants.swift */; };
		78C2BD782BD570A200042E38 /* UIColor+Ext.swift in Sources */ = {isa = PBXBuildFile; fileRef = 78C2BD772BD570A200042E38 /* UIColor+Ext.swift */; };
		78DBFA672BE7880B00FE64DE /* NavigationHelper.swift in Sources */ = {isa = PBXBuildFile; fileRef = 78DBFA662BE7880B00FE64DE /* NavigationHelper.swift */; };
		78F4F0112C0B396800A20EE3 /* Episode.swift in Sources */ = {isa = PBXBuildFile; fileRef = 78F4F0102C0B396800A20EE3 /* Episode.swift */; };
		78F4F0132C0C717800A20EE3 /* EpisodeVM.swift in Sources */ = {isa = PBXBuildFile; fileRef = 78F4F0122C0C717800A20EE3 /* EpisodeVM.swift */; };
		78F658202BF8BE21001DC7EC /* LoadingVC.swift in Sources */ = {isa = PBXBuildFile; fileRef = 78F6581F2BF8BE21001DC7EC /* LoadingVC.swift */; };
/* End PBXBuildFile section */

/* Begin PBXFileReference section */
		783C9AD32BC136BE007A4E65 /* mortipedia.app */ = {isa = PBXFileReference; explicitFileType = wrapper.application; includeInIndex = 0; path = mortipedia.app; sourceTree = BUILT_PRODUCTS_DIR; };
		783C9AD62BC136BE007A4E65 /* AppDelegate.swift */ = {isa = PBXFileReference; lastKnownFileType = sourcecode.swift; path = AppDelegate.swift; sourceTree = "<group>"; };
		783C9AD82BC136BE007A4E65 /* SceneDelegate.swift */ = {isa = PBXFileReference; lastKnownFileType = sourcecode.swift; path = SceneDelegate.swift; sourceTree = "<group>"; };
		783C9ADA2BC136BE007A4E65 /* BottomTabVC.swift */ = {isa = PBXFileReference; lastKnownFileType = sourcecode.swift; path = BottomTabVC.swift; sourceTree = "<group>"; };
		783C9ADF2BC136BE007A4E65 /* Assets.xcassets */ = {isa = PBXFileReference; lastKnownFileType = folder.assetcatalog; path = Assets.xcassets; sourceTree = "<group>"; };
		783C9AE22BC136BE007A4E65 /* Base */ = {isa = PBXFileReference; lastKnownFileType = file.storyboard; name = Base; path = Base.lproj/LaunchScreen.storyboard; sourceTree = "<group>"; };
		783C9AE42BC136BE007A4E65 /* Info.plist */ = {isa = PBXFileReference; lastKnownFileType = text.plist.xml; path = Info.plist; sourceTree = "<group>"; };
		784127CE2BE636D700DDC6FB /* EmptyResultView.swift */ = {isa = PBXFileReference; lastKnownFileType = sourcecode.swift; path = EmptyResultView.swift; sourceTree = "<group>"; };
		784127D02BE6558900DDC6FB /* CharacterDetailVC.swift */ = {isa = PBXFileReference; lastKnownFileType = sourcecode.swift; path = CharacterDetailVC.swift; sourceTree = "<group>"; };
		7876F23C2BC4516700677619 /* CharactersVC.swift */ = {isa = PBXFileReference; lastKnownFileType = sourcecode.swift; path = CharactersVC.swift; sourceTree = "<group>"; };
		7876F23F2BC4518800677619 /* EpisodesVC.swift */ = {isa = PBXFileReference; lastKnownFileType = sourcecode.swift; path = EpisodesVC.swift; sourceTree = "<group>"; };
		7876F2422BC451A100677619 /* SettingsVC.swift */ = {isa = PBXFileReference; lastKnownFileType = sourcecode.swift; path = SettingsVC.swift; sourceTree = "<group>"; };
		788D91012BD93BC400342B89 /* Profile.swift */ = {isa = PBXFileReference; lastKnownFileType = sourcecode.swift; path = Profile.swift; sourceTree = "<group>"; };
		788D91032BD942B500342B89 /* CharacterHeader.swift */ = {isa = PBXFileReference; lastKnownFileType = sourcecode.swift; path = CharacterHeader.swift; sourceTree = "<group>"; };
		788D91062BD957A000342B89 /* MortyLabel.swift */ = {isa = PBXFileReference; lastKnownFileType = sourcecode.swift; path = MortyLabel.swift; sourceTree = "<group>"; };
		788DD0412BC2EACA00091D7E /* Character.swift */ = {isa = PBXFileReference; lastKnownFileType = sourcecode.swift; path = Character.swift; sourceTree = "<group>"; };
		788DD0432BC2EB5E00091D7E /* CharaterVM.swift */ = {isa = PBXFileReference; lastKnownFileType = sourcecode.swift; path = CharaterVM.swift; sourceTree = "<group>"; };
		788DD0452BC2EB6D00091D7E /* NetworkService.swift */ = {isa = PBXFileReference; lastKnownFileType = sourcecode.swift; path = NetworkService.swift; sourceTree = "<group>"; };
		788FFD712BE0097F002C9215 /* UIHelper.swift */ = {isa = PBXFileReference; lastKnownFileType = sourcecode.swift; path = UIHelper.swift; sourceTree = "<group>"; };
		788FFD732BE0105F002C9215 /* CharacterCell.swift */ = {isa = PBXFileReference; lastKnownFileType = sourcecode.swift; path = CharacterCell.swift; sourceTree = "<group>"; };
		78C151072C158CB20095A015 /* EpisodesTableViewCell.swift */ = {isa = PBXFileReference; lastKnownFileType = sourcecode.swift; path = EpisodesTableViewCell.swift; sourceTree = "<group>"; };
		78C2BD712BD51B1500042E38 /* Colors.swift */ = {isa = PBXFileReference; lastKnownFileType = sourcecode.swift; path = Colors.swift; sourceTree = "<group>"; };
		78C2BD732BD5222B00042E38 /* Theme.swift */ = {isa = PBXFileReference; lastKnownFileType = sourcecode.swift; path = Theme.swift; sourceTree = "<group>"; };
		78C2BD752BD5228700042E38 /* Constants.swift */ = {isa = PBXFileReference; lastKnownFileType = sourcecode.swift; path = Constants.swift; sourceTree = "<group>"; };
		78C2BD772BD570A200042E38 /* UIColor+Ext.swift */ = {isa = PBXFileReference; lastKnownFileType = sourcecode.swift; path = "UIColor+Ext.swift"; sourceTree = "<group>"; };
		78DBFA662BE7880B00FE64DE /* NavigationHelper.swift */ = {isa = PBXFileReference; lastKnownFileType = sourcecode.swift; path = NavigationHelper.swift; sourceTree = "<group>"; };
		78F4F0102C0B396800A20EE3 /* Episode.swift */ = {isa = PBXFileReference; lastKnownFileType = sourcecode.swift; path = Episode.swift; sourceTree = "<group>"; };
		78F4F0122C0C717800A20EE3 /* EpisodeVM.swift */ = {isa = PBXFileReference; lastKnownFileType = sourcecode.swift; path = EpisodeVM.swift; sourceTree = "<group>"; };
		78F6581F2BF8BE21001DC7EC /* LoadingVC.swift */ = {isa = PBXFileReference; lastKnownFileType = sourcecode.swift; path = LoadingVC.swift; sourceTree = "<group>"; };
		A89313DEF9BAF0C2EA178CFF /* Pods-mortipedia.debug.xcconfig */ = {isa = PBXFileReference; includeInIndex = 1; lastKnownFileType = text.xcconfig; name = "Pods-mortipedia.debug.xcconfig"; path = "Target Support Files/Pods-mortipedia/Pods-mortipedia.debug.xcconfig"; sourceTree = "<group>"; };
		A8C62269EE7AB385594CD56A /* Pods-mortipedia.release.xcconfig */ = {isa = PBXFileReference; includeInIndex = 1; lastKnownFileType = text.xcconfig; name = "Pods-mortipedia.release.xcconfig"; path = "Target Support Files/Pods-mortipedia/Pods-mortipedia.release.xcconfig"; sourceTree = "<group>"; };
		E362C9195D62C087DFD9A2F0 /* Pods_mortipedia.framework */ = {isa = PBXFileReference; explicitFileType = wrapper.framework; includeInIndex = 0; path = Pods_mortipedia.framework; sourceTree = BUILT_PRODUCTS_DIR; };
/* End PBXFileReference section */

/* Begin PBXFrameworksBuildPhase section */
		783C9AD02BC136BE007A4E65 /* Frameworks */ = {
			isa = PBXFrameworksBuildPhase;
			buildActionMask = 2147483647;
			files = (
				60AEEE46A4DEF87882399D1D /* Pods_mortipedia.framework in Frameworks */,
			);
			runOnlyForDeploymentPostprocessing = 0;
		};
/* End PBXFrameworksBuildPhase section */

/* Begin PBXGroup section */
		121264CCD0975715E54C8BD0 /* Pods */ = {
			isa = PBXGroup;
			children = (
				A89313DEF9BAF0C2EA178CFF /* Pods-mortipedia.debug.xcconfig */,
				A8C62269EE7AB385594CD56A /* Pods-mortipedia.release.xcconfig */,
			);
			path = Pods;
			sourceTree = "<group>";
		};
		783C9ACA2BC136BE007A4E65 = {
			isa = PBXGroup;
			children = (
				783C9AD52BC136BE007A4E65 /* mortipedia */,
				783C9AD42BC136BE007A4E65 /* Products */,
				121264CCD0975715E54C8BD0 /* Pods */,
				FDBAC7EF5DA9E7779286F279 /* Frameworks */,
			);
			sourceTree = "<group>";
		};
		783C9AD42BC136BE007A4E65 /* Products */ = {
			isa = PBXGroup;
			children = (
				783C9AD32BC136BE007A4E65 /* mortipedia.app */,
			);
			name = Products;
			sourceTree = "<group>";
		};
		783C9AD52BC136BE007A4E65 /* mortipedia */ = {
			isa = PBXGroup;
			children = (
				788DD0402BC2E97B00091D7E /* Services */,
				788DD03F2BC2E97200091D7E /* ViewModels */,
				788DD03E2BC2E96A00091D7E /* Models */,
				788DD03D2BC2E95300091D7E /* Views */,
				78C2BD702BD51AED00042E38 /* Utils */,
				788DD03C2BC2E92600091D7E /* Resources */,
			);
			path = mortipedia;
			sourceTree = "<group>";
		};
		784127D22BE6559400DDC6FB /* CharacterDetail */ = {
			isa = PBXGroup;
			children = (
				784127D02BE6558900DDC6FB /* CharacterDetailVC.swift */,
			);
			path = CharacterDetail;
			sourceTree = "<group>";
		};
		784127D32BE655B500DDC6FB /* BottomTab */ = {
			isa = PBXGroup;
			children = (
				783C9ADA2BC136BE007A4E65 /* BottomTabVC.swift */,
			);
			path = BottomTab;
			sourceTree = "<group>";
		};
		7876F23B2BC4515400677619 /* Characters */ = {
			isa = PBXGroup;
			children = (
				788FFD702BE00935002C9215 /* Components */,
				7876F23C2BC4516700677619 /* CharactersVC.swift */,
			);
			path = Characters;
			sourceTree = "<group>";
		};
		7876F23E2BC4517600677619 /* Episodes */ = {
			isa = PBXGroup;
			children = (
				78C151062C158C8D0095A015 /* Components */,
				7876F23F2BC4518800677619 /* EpisodesVC.swift */,
			);
			path = Episodes;
			sourceTree = "<group>";
		};
		7876F2412BC4519500677619 /* Settings */ = {
			isa = PBXGroup;
			children = (
				7876F2422BC451A100677619 /* SettingsVC.swift */,
			);
			path = Settings;
			sourceTree = "<group>";
		};
		788D91052BD9576700342B89 /* Extensions */ = {
			isa = PBXGroup;
			children = (
				788D91062BD957A000342B89 /* MortyLabel.swift */,
			);
			path = Extensions;
			sourceTree = "<group>";
		};
		788DD03C2BC2E92600091D7E /* Resources */ = {
			isa = PBXGroup;
			children = (
				783C9AD62BC136BE007A4E65 /* AppDelegate.swift */,
				783C9AD82BC136BE007A4E65 /* SceneDelegate.swift */,
				783C9ADF2BC136BE007A4E65 /* Assets.xcassets */,
				783C9AE12BC136BE007A4E65 /* LaunchScreen.storyboard */,
				783C9AE42BC136BE007A4E65 /* Info.plist */,
			);
			path = Resources;
			sourceTree = "<group>";
		};
		788DD03D2BC2E95300091D7E /* Views */ = {
			isa = PBXGroup;
			children = (
				78F6581E2BF8BDFE001DC7EC /* Public */,
				784127D32BE655B500DDC6FB /* BottomTab */,
				784127D22BE6559400DDC6FB /* CharacterDetail */,
				7876F23B2BC4515400677619 /* Characters */,
				7876F23E2BC4517600677619 /* Episodes */,
				788D91052BD9576700342B89 /* Extensions */,
				7876F2412BC4519500677619 /* Settings */,
			);
			path = Views;
			sourceTree = "<group>";
		};
		788DD03E2BC2E96A00091D7E /* Models */ = {
			isa = PBXGroup;
			children = (
				788DD0412BC2EACA00091D7E /* Character.swift */,
				78F4F0102C0B396800A20EE3 /* Episode.swift */,
			);
			path = Models;
			sourceTree = "<group>";
		};
		788DD03F2BC2E97200091D7E /* ViewModels */ = {
			isa = PBXGroup;
			children = (
				788DD0432BC2EB5E00091D7E /* CharaterVM.swift */,
				78F4F0122C0C717800A20EE3 /* EpisodeVM.swift */,
			);
			path = ViewModels;
			sourceTree = "<group>";
		};
		788DD0402BC2E97B00091D7E /* Services */ = {
			isa = PBXGroup;
			children = (
				788DD0452BC2EB6D00091D7E /* NetworkService.swift */,
			);
			path = Services;
			sourceTree = "<group>";
		};
		788FFD702BE00935002C9215 /* Components */ = {
			isa = PBXGroup;
			children = (
				788D91032BD942B500342B89 /* CharacterHeader.swift */,
				788FFD732BE0105F002C9215 /* CharacterCell.swift */,
				784127CE2BE636D700DDC6FB /* EmptyResultView.swift */,
			);
			path = Components;
			sourceTree = "<group>";
		};
		78C151062C158C8D0095A015 /* Components */ = {
			isa = PBXGroup;
			children = (
				78C151072C158CB20095A015 /* EpisodesTableViewCell.swift */,
			);
			path = Components;
			sourceTree = "<group>";
		};
		78C2BD702BD51AED00042E38 /* Utils */ = {
			isa = PBXGroup;
			children = (
				78C2BD732BD5222B00042E38 /* Theme.swift */,
				78C2BD712BD51B1500042E38 /* Colors.swift */,
				78C2BD752BD5228700042E38 /* Constants.swift */,
				78C2BD772BD570A200042E38 /* UIColor+Ext.swift */,
				788D91012BD93BC400342B89 /* Profile.swift */,
				788FFD712BE0097F002C9215 /* UIHelper.swift */,
				78DBFA662BE7880B00FE64DE /* NavigationHelper.swift */,
			);
			path = Utils;
			sourceTree = "<group>";
		};
		78F6581E2BF8BDFE001DC7EC /* Public */ = {
			isa = PBXGroup;
			children = (
				78F6581F2BF8BE21001DC7EC /* LoadingVC.swift */,
			);
			path = Public;
			sourceTree = "<group>";
		};
		FDBAC7EF5DA9E7779286F279 /* Frameworks */ = {
			isa = PBXGroup;
			children = (
				E362C9195D62C087DFD9A2F0 /* Pods_mortipedia.framework */,
			);
			name = Frameworks;
			sourceTree = "<group>";
		};
/* End PBXGroup section */

/* Begin PBXNativeTarget section */
		783C9AD22BC136BE007A4E65 /* mortipedia */ = {
			isa = PBXNativeTarget;
			buildConfigurationList = 783C9AE72BC136BE007A4E65 /* Build configuration list for PBXNativeTarget "mortipedia" */;
			buildPhases = (
				EAD85AC3E9A344F596B8A8F5 /* [CP] Check Pods Manifest.lock */,
				783C9ACF2BC136BE007A4E65 /* Sources */,
				783C9AD02BC136BE007A4E65 /* Frameworks */,
				783C9AD12BC136BE007A4E65 /* Resources */,
				FEE292D2268F01B5CBE3465D /* [CP] Embed Pods Frameworks */,
			);
			buildRules = (
			);
			dependencies = (
			);
			name = mortipedia;
			productName = mortipedia;
			productReference = 783C9AD32BC136BE007A4E65 /* mortipedia.app */;
			productType = "com.apple.product-type.application";
		};
/* End PBXNativeTarget section */

/* Begin PBXProject section */
		783C9ACB2BC136BE007A4E65 /* Project object */ = {
			isa = PBXProject;
			attributes = {
				BuildIndependentTargetsInParallel = 1;
				LastSwiftUpdateCheck = 1530;
				LastUpgradeCheck = 1530;
				TargetAttributes = {
					783C9AD22BC136BE007A4E65 = {
						CreatedOnToolsVersion = 15.3;
					};
				};
			};
			buildConfigurationList = 783C9ACE2BC136BE007A4E65 /* Build configuration list for PBXProject "mortipedia" */;
			compatibilityVersion = "Xcode 14.0";
			developmentRegion = en;
			hasScannedForEncodings = 0;
			knownRegions = (
				en,
				Base,
			);
			mainGroup = 783C9ACA2BC136BE007A4E65;
			productRefGroup = 783C9AD42BC136BE007A4E65 /* Products */;
			projectDirPath = "";
			projectRoot = "";
			targets = (
				783C9AD22BC136BE007A4E65 /* mortipedia */,
			);
		};
/* End PBXProject section */

/* Begin PBXResourcesBuildPhase section */
		783C9AD12BC136BE007A4E65 /* Resources */ = {
			isa = PBXResourcesBuildPhase;
			buildActionMask = 2147483647;
			files = (
				783C9AE02BC136BE007A4E65 /* Assets.xcassets in Resources */,
				783C9AE32BC136BE007A4E65 /* Base in Resources */,
			);
			runOnlyForDeploymentPostprocessing = 0;
		};
/* End PBXResourcesBuildPhase section */

/* Begin PBXShellScriptBuildPhase section */
		EAD85AC3E9A344F596B8A8F5 /* [CP] Check Pods Manifest.lock */ = {
			isa = PBXShellScriptBuildPhase;
			buildActionMask = 2147483647;
			files = (
			);
			inputFileListPaths = (
			);
			inputPaths = (
				"${PODS_PODFILE_DIR_PATH}/Podfile.lock",
				"${PODS_ROOT}/Manifest.lock",
			);
			name = "[CP] Check Pods Manifest.lock";
			outputFileListPaths = (
			);
			outputPaths = (
				"$(DERIVED_FILE_DIR)/Pods-mortipedia-checkManifestLockResult.txt",
			);
			runOnlyForDeploymentPostprocessing = 0;
			shellPath = /bin/sh;
			shellScript = "diff \"${PODS_PODFILE_DIR_PATH}/Podfile.lock\" \"${PODS_ROOT}/Manifest.lock\" > /dev/null\nif [ $? != 0 ] ; then\n    # print error to STDERR\n    echo \"error: The sandbox is not in sync with the Podfile.lock. Run 'pod install' or update your CocoaPods installation.\" >&2\n    exit 1\nfi\n# This output is used by Xcode 'outputs' to avoid re-running this script phase.\necho \"SUCCESS\" > \"${SCRIPT_OUTPUT_FILE_0}\"\n";
			showEnvVarsInLog = 0;
		};
		FEE292D2268F01B5CBE3465D /* [CP] Embed Pods Frameworks */ = {
			isa = PBXShellScriptBuildPhase;
			buildActionMask = 2147483647;
			files = (
			);
			inputFileListPaths = (
				"${PODS_ROOT}/Target Support Files/Pods-mortipedia/Pods-mortipedia-frameworks-${CONFIGURATION}-input-files.xcfilelist",
			);
			name = "[CP] Embed Pods Frameworks";
			outputFileListPaths = (
				"${PODS_ROOT}/Target Support Files/Pods-mortipedia/Pods-mortipedia-frameworks-${CONFIGURATION}-output-files.xcfilelist",
			);
			runOnlyForDeploymentPostprocessing = 0;
			shellPath = /bin/sh;
			shellScript = "\"${PODS_ROOT}/Target Support Files/Pods-mortipedia/Pods-mortipedia-frameworks.sh\"\n";
			showEnvVarsInLog = 0;
		};
/* End PBXShellScriptBuildPhase section */

/* Begin PBXSourcesBuildPhase section */
		783C9ACF2BC136BE007A4E65 /* Sources */ = {
			isa = PBXSourcesBuildPhase;
			buildActionMask = 2147483647;
			files = (
				7876F2402BC4518800677619 /* EpisodesVC.swift in Sources */,
				78C2BD722BD51B1500042E38 /* Colors.swift in Sources */,
				783C9ADB2BC136BE007A4E65 /* BottomTabVC.swift in Sources */,
				784127CF2BE636D700DDC6FB /* EmptyResultView.swift in Sources */,
				788FFD742BE0105F002C9215 /* CharacterCell.swift in Sources */,
				788D91022BD93BC400342B89 /* Profile.swift in Sources */,
				78F4F0132C0C717800A20EE3 /* EpisodeVM.swift in Sources */,
				78C151082C158CB20095A015 /* EpisodesTableViewCell.swift in Sources */,
				788D91042BD942B500342B89 /* CharacterHeader.swift in Sources */,
				783C9AD72BC136BE007A4E65 /* AppDelegate.swift in Sources */,
				788D91072BD957A000342B89 /* MortyLabel.swift in Sources */,
				78C2BD742BD5222B00042E38 /* Theme.swift in Sources */,
				788DD0442BC2EB5E00091D7E /* CharaterVM.swift in Sources */,
				784127D12BE6558900DDC6FB /* CharacterDetailVC.swift in Sources */,
				78C2BD782BD570A200042E38 /* UIColor+Ext.swift in Sources */,
				783C9AD92BC136BE007A4E65 /* SceneDelegate.swift in Sources */,
				78F4F0112C0B396800A20EE3 /* Episode.swift in Sources */,
				788DD0462BC2EB6D00091D7E /* NetworkService.swift in Sources */,
				788FFD722BE0097F002C9215 /* UIHelper.swift in Sources */,
				78DBFA672BE7880B00FE64DE /* NavigationHelper.swift in Sources */,
				788DD0422BC2EACA00091D7E /* Character.swift in Sources */,
				7876F23D2BC4516700677619 /* CharactersVC.swift in Sources */,
				7876F2432BC451A100677619 /* SettingsVC.swift in Sources */,
				78C2BD762BD5228700042E38 /* Constants.swift in Sources */,
				78F658202BF8BE21001DC7EC /* LoadingVC.swift in Sources */,
			);
			runOnlyForDeploymentPostprocessing = 0;
		};
/* End PBXSourcesBuildPhase section */

/* Begin PBXVariantGroup section */
		783C9AE12BC136BE007A4E65 /* LaunchScreen.storyboard */ = {
			isa = PBXVariantGroup;
			children = (
				783C9AE22BC136BE007A4E65 /* Base */,
			);
			name = LaunchScreen.storyboard;
			sourceTree = "<group>";
		};
/* End PBXVariantGroup section */

/* Begin XCBuildConfiguration section */
		783C9AE52BC136BE007A4E65 /* Debug */ = {
			isa = XCBuildConfiguration;
			buildSettings = {
				ALWAYS_SEARCH_USER_PATHS = NO;
				ASSETCATALOG_COMPILER_GENERATE_SWIFT_ASSET_SYMBOL_EXTENSIONS = YES;
				CLANG_ANALYZER_NONNULL = YES;
				CLANG_ANALYZER_NUMBER_OBJECT_CONVERSION = YES_AGGRESSIVE;
				CLANG_CXX_LANGUAGE_STANDARD = "gnu++20";
				CLANG_ENABLE_MODULES = YES;
				CLANG_ENABLE_OBJC_ARC = YES;
				CLANG_ENABLE_OBJC_WEAK = YES;
				CLANG_WARN_BLOCK_CAPTURE_AUTORELEASING = YES;
				CLANG_WARN_BOOL_CONVERSION = YES;
				CLANG_WARN_COMMA = YES;
				CLANG_WARN_CONSTANT_CONVERSION = YES;
				CLANG_WARN_DEPRECATED_OBJC_IMPLEMENTATIONS = YES;
				CLANG_WARN_DIRECT_OBJC_ISA_USAGE = YES_ERROR;
				CLANG_WARN_DOCUMENTATION_COMMENTS = YES;
				CLANG_WARN_EMPTY_BODY = YES;
				CLANG_WARN_ENUM_CONVERSION = YES;
				CLANG_WARN_INFINITE_RECURSION = YES;
				CLANG_WARN_INT_CONVERSION = YES;
				CLANG_WARN_NON_LITERAL_NULL_CONVERSION = YES;
				CLANG_WARN_OBJC_IMPLICIT_RETAIN_SELF = YES;
				CLANG_WARN_OBJC_LITERAL_CONVERSION = YES;
				CLANG_WARN_OBJC_ROOT_CLASS = YES_ERROR;
				CLANG_WARN_QUOTED_INCLUDE_IN_FRAMEWORK_HEADER = YES;
				CLANG_WARN_RANGE_LOOP_ANALYSIS = YES;
				CLANG_WARN_STRICT_PROTOTYPES = YES;
				CLANG_WARN_SUSPICIOUS_MOVE = YES;
				CLANG_WARN_UNGUARDED_AVAILABILITY = YES_AGGRESSIVE;
				CLANG_WARN_UNREACHABLE_CODE = YES;
				CLANG_WARN__DUPLICATE_METHOD_MATCH = YES;
				COPY_PHASE_STRIP = NO;
				DEBUG_INFORMATION_FORMAT = dwarf;
				ENABLE_STRICT_OBJC_MSGSEND = YES;
				ENABLE_TESTABILITY = YES;
				ENABLE_USER_SCRIPT_SANDBOXING = NO;
				GCC_C_LANGUAGE_STANDARD = gnu17;
				GCC_DYNAMIC_NO_PIC = NO;
				GCC_NO_COMMON_BLOCKS = YES;
				GCC_OPTIMIZATION_LEVEL = 0;
				GCC_PREPROCESSOR_DEFINITIONS = (
					"DEBUG=1",
					"$(inherited)",
				);
				GCC_WARN_64_TO_32_BIT_CONVERSION = YES;
				GCC_WARN_ABOUT_RETURN_TYPE = YES_ERROR;
				GCC_WARN_UNDECLARED_SELECTOR = YES;
				GCC_WARN_UNINITIALIZED_AUTOS = YES_AGGRESSIVE;
				GCC_WARN_UNUSED_FUNCTION = YES;
				GCC_WARN_UNUSED_VARIABLE = YES;
				IPHONEOS_DEPLOYMENT_TARGET = 17.4;
				LOCALIZATION_PREFERS_STRING_CATALOGS = YES;
				MTL_ENABLE_DEBUG_INFO = INCLUDE_SOURCE;
				MTL_FAST_MATH = YES;
				ONLY_ACTIVE_ARCH = YES;
				SDKROOT = iphoneos;
				SWIFT_ACTIVE_COMPILATION_CONDITIONS = "DEBUG $(inherited)";
				SWIFT_OPTIMIZATION_LEVEL = "-Onone";
			};
			name = Debug;
		};
		783C9AE62BC136BE007A4E65 /* Release */ = {
			isa = XCBuildConfiguration;
			buildSettings = {
				ALWAYS_SEARCH_USER_PATHS = NO;
				ASSETCATALOG_COMPILER_GENERATE_SWIFT_ASSET_SYMBOL_EXTENSIONS = YES;
				CLANG_ANALYZER_NONNULL = YES;
				CLANG_ANALYZER_NUMBER_OBJECT_CONVERSION = YES_AGGRESSIVE;
				CLANG_CXX_LANGUAGE_STANDARD = "gnu++20";
				CLANG_ENABLE_MODULES = YES;
				CLANG_ENABLE_OBJC_ARC = YES;
				CLANG_ENABLE_OBJC_WEAK = YES;
				CLANG_WARN_BLOCK_CAPTURE_AUTORELEASING = YES;
				CLANG_WARN_BOOL_CONVERSION = YES;
				CLANG_WARN_COMMA = YES;
				CLANG_WARN_CONSTANT_CONVERSION = YES;
				CLANG_WARN_DEPRECATED_OBJC_IMPLEMENTATIONS = YES;
				CLANG_WARN_DIRECT_OBJC_ISA_USAGE = YES_ERROR;
				CLANG_WARN_DOCUMENTATION_COMMENTS = YES;
				CLANG_WARN_EMPTY_BODY = YES;
				CLANG_WARN_ENUM_CONVERSION = YES;
				CLANG_WARN_INFINITE_RECURSION = YES;
				CLANG_WARN_INT_CONVERSION = YES;
				CLANG_WARN_NON_LITERAL_NULL_CONVERSION = YES;
				CLANG_WARN_OBJC_IMPLICIT_RETAIN_SELF = YES;
				CLANG_WARN_OBJC_LITERAL_CONVERSION = YES;
				CLANG_WARN_OBJC_ROOT_CLASS = YES_ERROR;
				CLANG_WARN_QUOTED_INCLUDE_IN_FRAMEWORK_HEADER = YES;
				CLANG_WARN_RANGE_LOOP_ANALYSIS = YES;
				CLANG_WARN_STRICT_PROTOTYPES = YES;
				CLANG_WARN_SUSPICIOUS_MOVE = YES;
				CLANG_WARN_UNGUARDED_AVAILABILITY = YES_AGGRESSIVE;
				CLANG_WARN_UNREACHABLE_CODE = YES;
				CLANG_WARN__DUPLICATE_METHOD_MATCH = YES;
				COPY_PHASE_STRIP = NO;
				DEBUG_INFORMATION_FORMAT = "dwarf-with-dsym";
				ENABLE_NS_ASSERTIONS = NO;
				ENABLE_STRICT_OBJC_MSGSEND = YES;
				ENABLE_USER_SCRIPT_SANDBOXING = NO;
				GCC_C_LANGUAGE_STANDARD = gnu17;
				GCC_NO_COMMON_BLOCKS = YES;
				GCC_WARN_64_TO_32_BIT_CONVERSION = YES;
				GCC_WARN_ABOUT_RETURN_TYPE = YES_ERROR;
				GCC_WARN_UNDECLARED_SELECTOR = YES;
				GCC_WARN_UNINITIALIZED_AUTOS = YES_AGGRESSIVE;
				GCC_WARN_UNUSED_FUNCTION = YES;
				GCC_WARN_UNUSED_VARIABLE = YES;
				IPHONEOS_DEPLOYMENT_TARGET = 17.4;
				LOCALIZATION_PREFERS_STRING_CATALOGS = YES;
				MTL_ENABLE_DEBUG_INFO = NO;
				MTL_FAST_MATH = YES;
				SDKROOT = iphoneos;
				SWIFT_COMPILATION_MODE = wholemodule;
				VALIDATE_PRODUCT = YES;
			};
			name = Release;
		};
		783C9AE82BC136BE007A4E65 /* Debug */ = {
			isa = XCBuildConfiguration;
			baseConfigurationReference = A89313DEF9BAF0C2EA178CFF /* Pods-mortipedia.debug.xcconfig */;
			buildSettings = {
				ASSETCATALOG_COMPILER_APPICON_NAME = AppIcon;
				ASSETCATALOG_COMPILER_GLOBAL_ACCENT_COLOR_NAME = AccentColor;
				CODE_SIGN_STYLE = Automatic;
				CURRENT_PROJECT_VERSION = 1;
				DEVELOPMENT_TEAM = 7XY3KDN4D6;
				GENERATE_INFOPLIST_FILE = YES;
				INFOPLIST_FILE = mortipedia/Resources/Info.plist;
				INFOPLIST_KEY_CFBundleDisplayName = Mortipedia;
				INFOPLIST_KEY_LSApplicationCategoryType = "public.app-category.entertainment";
				INFOPLIST_KEY_UIApplicationSupportsIndirectInputEvents = YES;
				INFOPLIST_KEY_UILaunchStoryboardName = LaunchScreen;
				INFOPLIST_KEY_UISupportedInterfaceOrientations = UIInterfaceOrientationPortrait;
				INFOPLIST_KEY_UISupportedInterfaceOrientations_iPad = "UIInterfaceOrientationLandscapeLeft UIInterfaceOrientationLandscapeRight UIInterfaceOrientationPortrait UIInterfaceOrientationPortraitUpsideDown";
				IPHONEOS_DEPLOYMENT_TARGET = 14.0;
				LD_RUNPATH_SEARCH_PATHS = (
					"$(inherited)",
					"@executable_path/Frameworks",
				);
				MARKETING_VERSION = 1.0;
				PRODUCT_BUNDLE_IDENTIFIER = com.hoon.mortipedia;
				PRODUCT_NAME = "$(TARGET_NAME)";
				SUPPORTED_PLATFORMS = "iphoneos iphonesimulator";
				SUPPORTS_MACCATALYST = NO;
				SUPPORTS_MAC_DESIGNED_FOR_IPHONE_IPAD = NO;
				SUPPORTS_XR_DESIGNED_FOR_IPHONE_IPAD = NO;
				SWIFT_EMIT_LOC_STRINGS = YES;
				SWIFT_VERSION = 5.0;
				TARGETED_DEVICE_FAMILY = 1;
			};
			name = Debug;
		};
		783C9AE92BC136BE007A4E65 /* Release */ = {
			isa = XCBuildConfiguration;
			baseConfigurationReference = A8C62269EE7AB385594CD56A /* Pods-mortipedia.release.xcconfig */;
			buildSettings = {
				ASSETCATALOG_COMPILER_APPICON_NAME = AppIcon;
				ASSETCATALOG_COMPILER_GLOBAL_ACCENT_COLOR_NAME = AccentColor;
				CODE_SIGN_STYLE = Automatic;
				CURRENT_PROJECT_VERSION = 1;
				DEVELOPMENT_TEAM = 7XY3KDN4D6;
				GENERATE_INFOPLIST_FILE = YES;
				INFOPLIST_FILE = mortipedia/Resources/Info.plist;
				INFOPLIST_KEY_CFBundleDisplayName = Mortipedia;
				INFOPLIST_KEY_LSApplicationCategoryType = "public.app-category.entertainment";
				INFOPLIST_KEY_UIApplicationSupportsIndirectInputEvents = YES;
				INFOPLIST_KEY_UILaunchStoryboardName = LaunchScreen;
				INFOPLIST_KEY_UISupportedInterfaceOrientations = UIInterfaceOrientationPortrait;
				INFOPLIST_KEY_UISupportedInterfaceOrientations_iPad = "UIInterfaceOrientationLandscapeLeft UIInterfaceOrientationLandscapeRight UIInterfaceOrientationPortrait UIInterfaceOrientationPortraitUpsideDown";
				IPHONEOS_DEPLOYMENT_TARGET = 14.0;
				LD_RUNPATH_SEARCH_PATHS = (
					"$(inherited)",
					"@executable_path/Frameworks",
				);
				MARKETING_VERSION = 1.0;
				PRODUCT_BUNDLE_IDENTIFIER = com.hoon.mortipedia;
				PRODUCT_NAME = "$(TARGET_NAME)";
				SUPPORTED_PLATFORMS = "iphoneos iphonesimulator";
				SUPPORTS_MACCATALYST = NO;
				SUPPORTS_MAC_DESIGNED_FOR_IPHONE_IPAD = NO;
				SUPPORTS_XR_DESIGNED_FOR_IPHONE_IPAD = NO;
				SWIFT_EMIT_LOC_STRINGS = YES;
				SWIFT_VERSION = 5.0;
				TARGETED_DEVICE_FAMILY = 1;
			};
			name = Release;
		};
/* End XCBuildConfiguration section */

/* Begin XCConfigurationList section */
		783C9ACE2BC136BE007A4E65 /* Build configuration list for PBXProject "mortipedia" */ = {
			isa = XCConfigurationList;
			buildConfigurations = (
				783C9AE52BC136BE007A4E65 /* Debug */,
				783C9AE62BC136BE007A4E65 /* Release */,
			);
			defaultConfigurationIsVisible = 0;
			defaultConfigurationName = Release;
		};
		783C9AE72BC136BE007A4E65 /* Build configuration list for PBXNativeTarget "mortipedia" */ = {
			isa = XCConfigurationList;
			buildConfigurations = (
				783C9AE82BC136BE007A4E65 /* Debug */,
				783C9AE92BC136BE007A4E65 /* Release */,
			);
			defaultConfigurationIsVisible = 0;
			defaultConfigurationName = Release;
		};
/* End XCConfigurationList section */
	};
	rootObject = 783C9ACB2BC136BE007A4E65 /* Project object */;
}
